
Microsoft Visual Studio Solution File, Format Version 12.00
# Visual Studio Version 16
VisualStudioVersion = 16.0.31105.61
MinimumVisualStudioVersion = 10.0.40219.1
Project("{FAE04EC0-301F-11D3-BF4B-00C04F79EFBC}") = "Bai_Tap_Lon_Kien_Truc_PM", "Bai_Tap_Lon_Kien_Truc_PM\Bai_Tap_Lon_Kien_Truc_PM.csproj", "{FB408E9A-BC75-4925-915E-A2673804FD20}"
EndProject
Project("{FAE04EC0-301F-11D3-BF4B-00C04F79EFBC}") = "GUI", "GUI\GUI.csproj", "{43B0ABF5-51AB-47AC-B853-3DA0CCFFC9EB}"
EndProject
Project("{FAE04EC0-301F-11D3-BF4B-00C04F79EFBC}") = "DTO", "DTO\DTO.csproj", "{8207D60E-AD5A-436F-B084-F7B602B4B487}"
EndProject
Project("{FAE04EC0-301F-11D3-BF4B-00C04F79EFBC}") = "BUS", "BUS\BUS.csproj", "{FED99B21-6411-4870-BC73-69EE2F52CE58}"
EndProject
Project("{FAE04EC0-301F-11D3-BF4B-00C04F79EFBC}") = "DAL", "DAL\DAL.csproj", "{66094781-EDF6-4EC5-BC70-96338E5B4B52}"
EndProject
Global
	GlobalSection(SolutionConfigurationPlatforms) = preSolution
		Debug|Any CPU = Debug|Any CPU
		Release|Any CPU = Release|Any CPU
	EndGlobalSection
	GlobalSection(ProjectConfigurationPlatforms) = postSolution
		{FB408E9A-BC75-4925-915E-A2673804FD20}.Debug|Any CPU.ActiveCfg = Debug|Any CPU
		{FB408E9A-BC75-4925-915E-A2673804FD20}.Debug|Any CPU.Build.0 = Debug|Any CPU
		{FB408E9A-BC75-4925-915E-A2673804FD20}.Release|Any CPU.ActiveCfg = Release|Any CPU
		{FB408E9A-BC75-4925-915E-A2673804FD20}.Release|Any CPU.Build.0 = Release|Any CPU
		{43B0ABF5-51AB-47AC-B853-3DA0CCFFC9EB}.Debug|Any CPU.ActiveCfg = Debug|Any CPU
		{43B0ABF5-51AB-47AC-B853-3DA0CCFFC9EB}.Debug|Any CPU.Build.0 = Debug|Any CPU
		{43B0ABF5-51AB-47AC-B853-3DA0CCFFC9EB}.Release|Any CPU.ActiveCfg = Release|Any CPU
		{43B0ABF5-51AB-47AC-B853-3DA0CCFFC9EB}.Release|Any CPU.Build.0 = Release|Any CPU
		{8207D60E-AD5A-436F-B084-F7B602B4B487}.Debug|Any CPU.ActiveCfg = Debug|Any CPU
		{8207D60E-AD5A-436F-B084-F7B602B4B487}.Debug|Any CPU.Build.0 = Debug|Any CPU
		{8207D60E-AD5A-436F-B084-F7B602B4B487}.Release|Any CPU.ActiveCfg = Release|Any CPU
		{8207D60E-AD5A-436F-B084-F7B602B4B487}.Release|Any CPU.Build.0 = Release|Any CPU
		{FED99B21-6411-4870-BC73-69EE2F52CE58}.Debug|Any CPU.ActiveCfg = Debug|Any CPU
		{FED99B21-6411-4870-BC73-69EE2F52CE58}.Debug|Any CPU.Build.0 = Debug|Any CPU
		{FED99B21-6411-4870-BC73-69EE2F52CE58}.Release|Any CPU.ActiveCfg = Release|Any CPU
		{FED99B21-6411-4870-BC73-69EE2F52CE58}.Release|Any CPU.Build.0 = Release|Any CPU
		{66094781-EDF6-4EC5-BC70-96338E5B4B52}.Debug|Any CPU.ActiveCfg = Debug|Any CPU
		{66094781-EDF6-4EC5-BC70-96338E5B4B52}.Debug|Any CPU.Build.0 = Debug|Any CPU
		{66094781-EDF6-4EC5-BC70-96338E5B4B52}.Release|Any CPU.ActiveCfg = Release|Any CPU
		{66094781-EDF6-4EC5-BC70-96338E5B4B52}.Release|Any CPU.Build.0 = Release|Any CPU
	EndGlobalSection
	GlobalSection(SolutionProperties) = preSolution
		HideSolutionNode = FALSE
	EndGlobalSection
	GlobalSection(ExtensibilityGlobals) = postSolution
		SolutionGuid = {BE8CACBA-6EED-4735-BA8B-B5EE70D63075}
	EndGlobalSection
EndGlobal
